// !$*UTF8*$!
{
	archiveVersion = 1;
	classes = {
	};
	objectVersion = 77;
	objects = {

/* Begin PBXBuildFile section */
		FC846C2B2EDEA0DA007F8E3B /* OFTBShared in Frameworks */ = {isa = PBXBuildFile; productRef = FC846C2A2EDEA0DA007F8E3B /* OFTBShared */; };
/* End PBXBuildFile section */

/* Begin PBXContainerItemProxy section */
		FC5810732ECD5A5B00DA16E4 /* PBXContainerItemProxy */ = {
			isa = PBXContainerItemProxy;
			containerPortal = FC5810582ECD5A5800DA16E4 /* Project object */;
			proxyType = 1;
			remoteGlobalIDString = FC58105F2ECD5A5800DA16E4;
			remoteInfo = oneForTheBoys;
		};
		FC58107D2ECD5A5B00DA16E4 /* PBXContainerItemProxy */ = {
			isa = PBXContainerItemProxy;
			containerPortal = FC5810582ECD5A5800DA16E4 /* Project object */;
			proxyType = 1;
			remoteGlobalIDString = FC58105F2ECD5A5800DA16E4;
			remoteInfo = oneForTheBoys;
		};
/* End PBXContainerItemProxy section */

/* Begin PBXFileReference section */
		FC5810602ECD5A5800DA16E4 /* oneForTheBoys.app */ = {isa = PBXFileReference; explicitFileType = wrapper.application; includeInIndex = 0; path = oneForTheBoys.app; sourceTree = BUILT_PRODUCTS_DIR; };
		FC5810722ECD5A5B00DA16E4 /* oneForTheBoysTests.xctest */ = {isa = PBXFileReference; explicitFileType = wrapper.cfbundle; includeInIndex = 0; path = oneForTheBoysTests.xctest; sourceTree = BUILT_PRODUCTS_DIR; };
		FC58107C2ECD5A5B00DA16E4 /* oneForTheBoysUITests.xctest */ = {isa = PBXFileReference; explicitFileType = wrapper.cfbundle; includeInIndex = 0; path = oneForTheBoysUITests.xctest; sourceTree = BUILT_PRODUCTS_DIR; };
/* End PBXFileReference section */

/* Begin PBXFileSystemSynchronizedBuildFileExceptionSet section */
		FC48B5AB2ECD6E4200D377B1 /* Exceptions for "oneForTheBoys" folder in "oneForTheBoys" target */ = {
			isa = PBXFileSystemSynchronizedBuildFileExceptionSet;
			membershipExceptions = (
				Info.plist,
			);
			target = FC58105F2ECD5A5800DA16E4 /* oneForTheBoys */;
		};
/* End PBXFileSystemSynchronizedBuildFileExceptionSet section */

/* Begin PBXFileSystemSynchronizedRootGroup section */
		FC5810622ECD5A5800DA16E4 /* oneForTheBoys */ = {
			isa = PBXFileSystemSynchronizedRootGroup;
			exceptions = (
				FC48B5AB2ECD6E4200D377B1 /* Exceptions for "oneForTheBoys" folder in "oneForTheBoys" target */,
			);
			path = oneForTheBoys;
			sourceTree = "<group>";
		};
		FC5810752ECD5A5B00DA16E4 /* oneForTheBoysTests */ = {
			isa = PBXFileSystemSynchronizedRootGroup;
			path = oneForTheBoysTests;
			sourceTree = "<group>";
		};
		FC58107F2ECD5A5B00DA16E4 /* oneForTheBoysUITests */ = {
			isa = PBXFileSystemSynchronizedRootGroup;
			path = oneForTheBoysUITests;
			sourceTree = "<group>";
		};
/* End PBXFileSystemSynchronizedRootGroup section */

/* Begin PBXFrameworksBuildPhase section */
		FC58105D2ECD5A5800DA16E4 /* Frameworks */ = {
			isa = PBXFrameworksBuildPhase;
			buildActionMask = 2147483647;
			files = (
				FC846C2B2EDEA0DA007F8E3B /* OFTBShared in Frameworks */,
			);
			runOnlyForDeploymentPostprocessing = 0;
		};
		FC58106F2ECD5A5B00DA16E4 /* Frameworks */ = {
			isa = PBXFrameworksBuildPhase;
			buildActionMask = 2147483647;
			files = (
			);
			runOnlyForDeploymentPostprocessing = 0;
		};
		FC5810792ECD5A5B00DA16E4 /* Frameworks */ = {
			isa = PBXFrameworksBuildPhase;
			buildActionMask = 2147483647;
			files = (
			);
			runOnlyForDeploymentPostprocessing = 0;
		};
/* End PBXFrameworksBuildPhase section */

/* Begin PBXGroup section */
		FC5810572ECD5A5800DA16E4 = {
			isa = PBXGroup;
			children = (
				FC5810622ECD5A5800DA16E4 /* oneForTheBoys */,
				FC5810752ECD5A5B00DA16E4 /* oneForTheBoysTests */,
				FC58107F2ECD5A5B00DA16E4 /* oneForTheBoysUITests */,
				FC5810612ECD5A5800DA16E4 /* Products */,
			);
			sourceTree = "<group>";
		};
		FC5810612ECD5A5800DA16E4 /* Products */ = {
			isa = PBXGroup;
			children = (
				FC5810602ECD5A5800DA16E4 /* oneForTheBoys.app */,
				FC5810722ECD5A5B00DA16E4 /* oneForTheBoysTests.xctest */,
				FC58107C2ECD5A5B00DA16E4 /* oneForTheBoysUITests.xctest */,
			);
			name = Products;
			sourceTree = "<group>";
		};
/* End PBXGroup section */

/* Begin PBXNativeTarget section */
		FC58105F2ECD5A5800DA16E4 /* oneForTheBoys */ = {
			isa = PBXNativeTarget;
			buildConfigurationList = FC5810862ECD5A5B00DA16E4 /* Build configuration list for PBXNativeTarget "oneForTheBoys" */;
			buildPhases = (
				FC58105C2ECD5A5800DA16E4 /* Sources */,
				FC58105D2ECD5A5800DA16E4 /* Frameworks */,
				FC58105E2ECD5A5800DA16E4 /* Resources */,
			);
			buildRules = (
			);
			dependencies = (
			);
			fileSystemSynchronizedGroups = (
				FC5810622ECD5A5800DA16E4 /* oneForTheBoys */,
			);
			name = oneForTheBoys;
			packageProductDependencies = (
				FC846C2A2EDEA0DA007F8E3B /* OFTBShared */,
			);
			productName = oneForTheBoys;
			productReference = FC5810602ECD5A5800DA16E4 /* oneForTheBoys.app */;
			productType = "com.apple.product-type.application";
		};
		FC5810712ECD5A5B00DA16E4 /* oneForTheBoysTests */ = {
			isa = PBXNativeTarget;
			buildConfigurationList = FC5810892ECD5A5B00DA16E4 /* Build configuration list for PBXNativeTarget "oneForTheBoysTests" */;
			buildPhases = (
				FC58106E2ECD5A5B00DA16E4 /* Sources */,
				FC58106F2ECD5A5B00DA16E4 /* Frameworks */,
				FC5810702ECD5A5B00DA16E4 /* Resources */,
			);
			buildRules = (
			);
			dependencies = (
				FC5810742ECD5A5B00DA16E4 /* PBXTargetDependency */,
			);
			fileSystemSynchronizedGroups = (
				FC5810752ECD5A5B00DA16E4 /* oneForTheBoysTests */,
			);
			name = oneForTheBoysTests;
			packageProductDependencies = (
			);
			productName = oneForTheBoysTests;
			productReference = FC5810722ECD5A5B00DA16E4 /* oneForTheBoysTests.xctest */;
			productType = "com.apple.product-type.bundle.unit-test";
		};
		FC58107B2ECD5A5B00DA16E4 /* oneForTheBoysUITests */ = {
			isa = PBXNativeTarget;
			buildConfigurationList = FC58108C2ECD5A5B00DA16E4 /* Build configuration list for PBXNativeTarget "oneForTheBoysUITests" */;
			buildPhases = (
				FC5810782ECD5A5B00DA16E4 /* Sources */,
				FC5810792ECD5A5B00DA16E4 /* Frameworks */,
				FC58107A2ECD5A5B00DA16E4 /* Resources */,
			);
			buildRules = (
			);
			dependencies = (
				FC58107E2ECD5A5B00DA16E4 /* PBXTargetDependency */,
			);
			fileSystemSynchronizedGroups = (
				FC58107F2ECD5A5B00DA16E4 /* oneForTheBoysUITests */,
			);
			name = oneForTheBoysUITests;
			packageProductDependencies = (
			);
			productName = oneForTheBoysUITests;
			productReference = FC58107C2ECD5A5B00DA16E4 /* oneForTheBoysUITests.xctest */;
			productType = "com.apple.product-type.bundle.ui-testing";
		};
/* End PBXNativeTarget section */

/* Begin PBXProject section */
		FC5810582ECD5A5800DA16E4 /* Project object */ = {
			isa = PBXProject;
			attributes = {
				BuildIndependentTargetsInParallel = 1;
				LastSwiftUpdateCheck = 1640;
				LastUpgradeCheck = 1640;
				TargetAttributes = {
					FC58105F2ECD5A5800DA16E4 = {
						CreatedOnToolsVersion = 16.4;
					};
					FC5810712ECD5A5B00DA16E4 = {
						CreatedOnToolsVersion = 16.4;
						TestTargetID = FC58105F2ECD5A5800DA16E4;
					};
					FC58107B2ECD5A5B00DA16E4 = {
						CreatedOnToolsVersion = 16.4;
						TestTargetID = FC58105F2ECD5A5800DA16E4;
					};
				};
			};
			buildConfigurationList = FC58105B2ECD5A5800DA16E4 /* Build configuration list for PBXProject "oneForTheBoys" */;
			developmentRegion = en;
			hasScannedForEncodings = 0;
			knownRegions = (
				en,
				Base,
			);
			mainGroup = FC5810572ECD5A5800DA16E4;
			minimizedProjectReferenceProxies = 1;
			packageReferences = (
				FC846C292EDEA0DA007F8E3B /* XCLocalSwiftPackageReference "OFTBShared" */,
			);
			preferredProjectObjectVersion = 77;
			productRefGroup = FC5810612ECD5A5800DA16E4 /* Products */;
			projectDirPath = "";
			projectRoot = "";
			targets = (
				FC58105F2ECD5A5800DA16E4 /* oneForTheBoys */,
				FC5810712ECD5A5B00DA16E4 /* oneForTheBoysTests */,
				FC58107B2ECD5A5B00DA16E4 /* oneForTheBoysUITests */,
			);
		};
/* End PBXProject section */

/* Begin PBXResourcesBuildPhase section */
		FC58105E2ECD5A5800DA16E4 /* Resources */ = {
			isa = PBXResourcesBuildPhase;
			buildActionMask = 2147483647;
			files = (
			);
			runOnlyForDeploymentPostprocessing = 0;
		};
		FC5810702ECD5A5B00DA16E4 /* Resources */ = {
			isa = PBXResourcesBuildPhase;
			buildActionMask = 2147483647;
			files = (
			);
			runOnlyForDeploymentPostprocessing = 0;
		};
		FC58107A2ECD5A5B00DA16E4 /* Resources */ = {
			isa = PBXResourcesBuildPhase;
			buildActionMask = 2147483647;
			files = (
			);
			runOnlyForDeploymentPostprocessing = 0;
		};
/* End PBXResourcesBuildPhase section */

/* Begin PBXSourcesBuildPhase section */
		FC58105C2ECD5A5800DA16E4 /* Sources */ = {
			isa = PBXSourcesBuildPhase;
			buildActionMask = 2147483647;
			files = (
			);
			runOnlyForDeploymentPostprocessing = 0;
		};
		FC58106E2ECD5A5B00DA16E4 /* Sources */ = {
			isa = PBXSourcesBuildPhase;
			buildActionMask = 2147483647;
			files = (
			);
			runOnlyForDeploymentPostprocessing = 0;
		};
		FC5810782ECD5A5B00DA16E4 /* Sources */ = {
			isa = PBXSourcesBuildPhase;
			buildActionMask = 2147483647;
			files = (
			);
			runOnlyForDeploymentPostprocessing = 0;
		};
/* End PBXSourcesBuildPhase section */

/* Begin PBXTargetDependency section */
		FC5810742ECD5A5B00DA16E4 /* PBXTargetDependency */ = {
			isa = PBXTargetDependency;
			target = FC58105F2ECD5A5800DA16E4 /* oneForTheBoys */;
			targetProxy = FC5810732ECD5A5B00DA16E4 /* PBXContainerItemProxy */;
		};
		FC58107E2ECD5A5B00DA16E4 /* PBXTargetDependency */ = {
			isa = PBXTargetDependency;
			target = FC58105F2ECD5A5800DA16E4 /* oneForTheBoys */;
			targetProxy = FC58107D2ECD5A5B00DA16E4 /* PBXContainerItemProxy */;
		};
/* End PBXTargetDependency section */

/* Begin XCBuildConfiguration section */
		FC5810842ECD5A5B00DA16E4 /* Debug */ = {
			isa = XCBuildConfiguration;
			buildSettings = {
				ALWAYS_SEARCH_USER_PATHS = NO;
				ASSETCATALOG_COMPILER_GENERATE_SWIFT_ASSET_SYMBOL_EXTENSIONS = YES;
				CLANG_ANALYZER_NONNULL = YES;
				CLANG_ANALYZER_NUMBER_OBJECT_CONVERSION = YES_AGGRESSIVE;
				CLANG_CXX_LANGUAGE_STANDARD = "gnu++20";
				CLANG_ENABLE_MODULES = YES;
				CLANG_ENABLE_OBJC_ARC = YES;
				CLANG_ENABLE_OBJC_WEAK = YES;
				CLANG_WARN_BLOCK_CAPTURE_AUTORELEASING = YES;
				CLANG_WARN_BOOL_CONVERSION = YES;
				CLANG_WARN_COMMA = YES;
				CLANG_WARN_CONSTANT_CONVERSION = YES;
				CLANG_WARN_DEPRECATED_OBJC_IMPLEMENTATIONS = YES;
				CLANG_WARN_DIRECT_OBJC_ISA_USAGE = YES_ERROR;
				CLANG_WARN_DOCUMENTATION_COMMENTS = YES;
				CLANG_WARN_EMPTY_BODY = YES;
				CLANG_WARN_ENUM_CONVERSION = YES;
				CLANG_WARN_INFINITE_RECURSION = YES;
				CLANG_WARN_INT_CONVERSION = YES;
				CLANG_WARN_NON_LITERAL_NULL_CONVERSION = YES;
				CLANG_WARN_OBJC_IMPLICIT_RETAIN_SELF = YES;
				CLANG_WARN_OBJC_LITERAL_CONVERSION = YES;
				CLANG_WARN_OBJC_ROOT_CLASS = YES_ERROR;
				CLANG_WARN_QUOTED_INCLUDE_IN_FRAMEWORK_HEADER = YES;
				CLANG_WARN_RANGE_LOOP_ANALYSIS = YES;
				CLANG_WARN_STRICT_PROTOTYPES = YES;
				CLANG_WARN_SUSPICIOUS_MOVE = YES;
				CLANG_WARN_UNGUARDED_AVAILABILITY = YES_AGGRESSIVE;
				CLANG_WARN_UNREACHABLE_CODE = YES;
				CLANG_WARN__DUPLICATE_METHOD_MATCH = YES;
				COPY_PHASE_STRIP = NO;
				DEBUG_INFORMATION_FORMAT = dwarf;
				ENABLE_STRICT_OBJC_MSGSEND = YES;
				ENABLE_TESTABILITY = YES;
				ENABLE_USER_SCRIPT_SANDBOXING = YES;
				GCC_C_LANGUAGE_STANDARD = gnu17;
				GCC_DYNAMIC_NO_PIC = NO;
				GCC_NO_COMMON_BLOCKS = YES;
				GCC_OPTIMIZATION_LEVEL = 0;
				GCC_PREPROCESSOR_DEFINITIONS = (
					"DEBUG=1",
					"$(inherited)",
				);
				GCC_WARN_64_TO_32_BIT_CONVERSION = YES;
				GCC_WARN_ABOUT_RETURN_TYPE = YES_ERROR;
				GCC_WARN_UNDECLARED_SELECTOR = YES;
				GCC_WARN_UNINITIALIZED_AUTOS = YES_AGGRESSIVE;
				GCC_WARN_UNUSED_FUNCTION = YES;
				GCC_WARN_UNUSED_VARIABLE = YES;
				IPHONEOS_DEPLOYMENT_TARGET = 18.5;
				LOCALIZATION_PREFERS_STRING_CATALOGS = YES;
				MTL_ENABLE_DEBUG_INFO = INCLUDE_SOURCE;
				MTL_FAST_MATH = YES;
				ONLY_ACTIVE_ARCH = YES;
				SDKROOT = iphoneos;
				SWIFT_ACTIVE_COMPILATION_CONDITIONS = "DEBUG $(inherited)";
				SWIFT_OPTIMIZATION_LEVEL = "-Onone";
			};
			name = Debug;
		};
		FC5810852ECD5A5B00DA16E4 /* Release */ = {
			isa = XCBuildConfiguration;
			buildSettings = {
				ALWAYS_SEARCH_USER_PATHS = NO;
				ASSETCATALOG_COMPILER_GENERATE_SWIFT_ASSET_SYMBOL_EXTENSIONS = YES;
				CLANG_ANALYZER_NONNULL = YES;
				CLANG_ANALYZER_NUMBER_OBJECT_CONVERSION = YES_AGGRESSIVE;
				CLANG_CXX_LANGUAGE_STANDARD = "gnu++20";
				CLANG_ENABLE_MODULES = YES;
				CLANG_ENABLE_OBJC_ARC = YES;
				CLANG_ENABLE_OBJC_WEAK = YES;
				CLANG_WARN_BLOCK_CAPTURE_AUTORELEASING = YES;
				CLANG_WARN_BOOL_CONVERSION = YES;
				CLANG_WARN_COMMA = YES;
				CLANG_WARN_CONSTANT_CONVERSION = YES;
				CLANG_WARN_DEPRECATED_OBJC_IMPLEMENTATIONS = YES;
				CLANG_WARN_DIRECT_OBJC_ISA_USAGE = YES_ERROR;
				CLANG_WARN_DOCUMENTATION_COMMENTS = YES;
				CLANG_WARN_EMPTY_BODY = YES;
				CLANG_WARN_ENUM_CONVERSION = YES;
				CLANG_WARN_INFINITE_RECURSION = YES;
				CLANG_WARN_INT_CONVERSION = YES;
				CLANG_WARN_NON_LITERAL_NULL_CONVERSION = YES;
				CLANG_WARN_OBJC_IMPLICIT_RETAIN_SELF = YES;
				CLANG_WARN_OBJC_LITERAL_CONVERSION = YES;
				CLANG_WARN_OBJC_ROOT_CLASS = YES_ERROR;
				CLANG_WARN_QUOTED_INCLUDE_IN_FRAMEWORK_HEADER = YES;
				CLANG_WARN_RANGE_LOOP_ANALYSIS = YES;
				CLANG_WARN_STRICT_PROTOTYPES = YES;
				CLANG_WARN_SUSPICIOUS_MOVE = YES;
				CLANG_WARN_UNGUARDED_AVAILABILITY = YES_AGGRESSIVE;
				CLANG_WARN_UNREACHABLE_CODE = YES;
				CLANG_WARN__DUPLICATE_METHOD_MATCH = YES;
				COPY_PHASE_STRIP = NO;
				DEBUG_INFORMATION_FORMAT = "dwarf-with-dsym";
				ENABLE_NS_ASSERTIONS = NO;
				ENABLE_STRICT_OBJC_MSGSEND = YES;
				ENABLE_USER_SCRIPT_SANDBOXING = YES;
				GCC_C_LANGUAGE_STANDARD = gnu17;
				GCC_NO_COMMON_BLOCKS = YES;
				GCC_WARN_64_TO_32_BIT_CONVERSION = YES;
				GCC_WARN_ABOUT_RETURN_TYPE = YES_ERROR;
				GCC_WARN_UNDECLARED_SELECTOR = YES;
				GCC_WARN_UNINITIALIZED_AUTOS = YES_AGGRESSIVE;
				GCC_WARN_UNUSED_FUNCTION = YES;
				GCC_WARN_UNUSED_VARIABLE = YES;
				IPHONEOS_DEPLOYMENT_TARGET = 18.5;
				LOCALIZATION_PREFERS_STRING_CATALOGS = YES;
				MTL_ENABLE_DEBUG_INFO = NO;
				MTL_FAST_MATH = YES;
				SDKROOT = iphoneos;
				SWIFT_COMPILATION_MODE = wholemodule;
				VALIDATE_PRODUCT = YES;
			};
			name = Release;
		};
		FC5810872ECD5A5B00DA16E4 /* Debug */ = {
			isa = XCBuildConfiguration;
			buildSettings = {
				ASSETCATALOG_COMPILER_APPICON_NAME = AppIcon;
				ASSETCATALOG_COMPILER_GLOBAL_ACCENT_COLOR_NAME = AccentColor;
				CODE_SIGN_STYLE = Automatic;
				CURRENT_PROJECT_VERSION = 1;
				DEVELOPMENT_TEAM = ZT6JG933Y5;
				ENABLE_PREVIEWS = YES;
				GENERATE_INFOPLIST_FILE = YES;
				INFOPLIST_FILE = oneForTheBoys/Info.plist;
				INFOPLIST_KEY_LSApplicationCategoryType = "public.app-category.games";
				INFOPLIST_KEY_NSLocalNetworkUsageDescription = "\"Used to find and connect to nearby players for the UNO game.\"";
				INFOPLIST_KEY_UIApplicationSceneManifest_Generation = YES;
				INFOPLIST_KEY_UIApplicationSupportsIndirectInputEvents = YES;
				INFOPLIST_KEY_UILaunchScreen_Generation = YES;
				INFOPLIST_KEY_UISupportedInterfaceOrientations_iPad = "UIInterfaceOrientationPortrait UIInterfaceOrientationPortraitUpsideDown UIInterfaceOrientationPortrait UIInterfaceOrientationLandscapeLeft UIInterfaceOrientationLandscapeRight";
				INFOPLIST_KEY_UISupportedInterfaceOrientations_iPhone = "UIInterfaceOrientationPortrait UIInterfaceOrientationLandscapeLeft UIInterfaceOrientationLandscapeRight";
				LD_RUNPATH_SEARCH_PATHS = (
					"$(inherited)",
					"@executable_path/Frameworks",
				);
				MARKETING_VERSION = 1.1;
				PRODUCT_BUNDLE_IDENTIFIER = com.wompuus.oneForTheBoys;
				PRODUCT_NAME = "$(TARGET_NAME)";
				SWIFT_EMIT_LOC_STRINGS = YES;
				SWIFT_VERSION = 5.0;
				TARGETED_DEVICE_FAMILY = "1,2";
			};
			name = Debug;
		};
		FC5810882ECD5A5B00DA16E4 /* Release */ = {
			isa = XCBuildConfiguration;
			buildSettings = {
				ASSETCATALOG_COMPILER_APPICON_NAME = AppIcon;
				ASSETCATALOG_COMPILER_GLOBAL_ACCENT_COLOR_NAME = AccentColor;
				CODE_SIGN_STYLE = Automatic;
				CURRENT_PROJECT_VERSION = 1;
				DEVELOPMENT_TEAM = ZT6JG933Y5;
				ENABLE_PREVIEWS = YES;
				GENERATE_INFOPLIST_FILE = YES;
				INFOPLIST_FILE = oneForTheBoys/Info.plist;
				INFOPLIST_KEY_LSApplicationCategoryType = "public.app-category.games";
				INFOPLIST_KEY_NSLocalNetworkUsageDescription = "\"Used to find and connect to nearby players for the UNO game.\"";
				INFOPLIST_KEY_UIApplicationSceneManifest_Generation = YES;
				INFOPLIST_KEY_UIApplicationSupportsIndirectInputEvents = YES;
				INFOPLIST_KEY_UILaunchScreen_Generation = YES;
				INFOPLIST_KEY_UISupportedInterfaceOrientations_iPad = "UIInterfaceOrientationPortrait UIInterfaceOrientationPortraitUpsideDown UIInterfaceOrientationPortrait UIInterfaceOrientationLandscapeLeft UIInterfaceOrientationLandscapeRight";
				INFOPLIST_KEY_UISupportedInterfaceOrientations_iPhone = "UIInterfaceOrientationPortrait UIInterfaceOrientationLandscapeLeft UIInterfaceOrientationLandscapeRight";
				LD_RUNPATH_SEARCH_PATHS = (
					"$(inherited)",
					"@executable_path/Frameworks",
				);
				MARKETING_VERSION = 1.1;
				PRODUCT_BUNDLE_IDENTIFIER = com.wompuus.oneForTheBoys;
				PRODUCT_NAME = "$(TARGET_NAME)";
				SWIFT_EMIT_LOC_STRINGS = YES;
				SWIFT_VERSION = 5.0;
				TARGETED_DEVICE_FAMILY = "1,2";
			};
			name = Release;
		};
		FC58108A2ECD5A5B00DA16E4 /* Debug */ = {
			isa = XCBuildConfiguration;
			buildSettings = {
				BUNDLE_LOADER = "$(TEST_HOST)";
				CODE_SIGN_STYLE = Automatic;
				CURRENT_PROJECT_VERSION = 1;
				GENERATE_INFOPLIST_FILE = YES;
				IPHONEOS_DEPLOYMENT_TARGET = 18.5;
				MARKETING_VERSION = 1.0;
				PRODUCT_BUNDLE_IDENTIFIER = com.wompuus.oneForTheBoysTests;
				PRODUCT_NAME = "$(TARGET_NAME)";
				SWIFT_EMIT_LOC_STRINGS = NO;
				SWIFT_VERSION = 5.0;
				TARGETED_DEVICE_FAMILY = "1,2";
				TEST_HOST = "$(BUILT_PRODUCTS_DIR)/oneForTheBoys.app/$(BUNDLE_EXECUTABLE_FOLDER_PATH)/oneForTheBoys";
			};
			name = Debug;
		};
		FC58108B2ECD5A5B00DA16E4 /* Release */ = {
			isa = XCBuildConfiguration;
			buildSettings = {
				BUNDLE_LOADER = "$(TEST_HOST)";
				CODE_SIGN_STYLE = Automatic;
				CURRENT_PROJECT_VERSION = 1;
				GENERATE_INFOPLIST_FILE = YES;
				IPHONEOS_DEPLOYMENT_TARGET = 18.5;
				MARKETING_VERSION = 1.0;
				PRODUCT_BUNDLE_IDENTIFIER = com.wompuus.oneForTheBoysTests;
				PRODUCT_NAME = "$(TARGET_NAME)";
				SWIFT_EMIT_LOC_STRINGS = NO;
				SWIFT_VERSION = 5.0;
				TARGETED_DEVICE_FAMILY = "1,2";
				TEST_HOST = "$(BUILT_PRODUCTS_DIR)/oneForTheBoys.app/$(BUNDLE_EXECUTABLE_FOLDER_PATH)/oneForTheBoys";
			};
			name = Release;
		};
		FC58108D2ECD5A5B00DA16E4 /* Debug */ = {
			isa = XCBuildConfiguration;
			buildSettings = {
				CODE_SIGN_STYLE = Automatic;
				CURRENT_PROJECT_VERSION = 1;
				GENERATE_INFOPLIST_FILE = YES;
				MARKETING_VERSION = 1.0;
				PRODUCT_BUNDLE_IDENTIFIER = com.wompuus.oneForTheBoysUITests;
				PRODUCT_NAME = "$(TARGET_NAME)";
				SWIFT_EMIT_LOC_STRINGS = NO;
				SWIFT_VERSION = 5.0;
				TARGETED_DEVICE_FAMILY = "1,2";
				TEST_TARGET_NAME = oneForTheBoys;
			};
			name = Debug;
		};
		FC58108E2ECD5A5B00DA16E4 /* Release */ = {
			isa = XCBuildConfiguration;
			buildSettings = {
				CODE_SIGN_STYLE = Automatic;
				CURRENT_PROJECT_VERSION = 1;
				GENERATE_INFOPLIST_FILE = YES;
				MARKETING_VERSION = 1.0;
				PRODUCT_BUNDLE_IDENTIFIER = com.wompuus.oneForTheBoysUITests;
				PRODUCT_NAME = "$(TARGET_NAME)";
				SWIFT_EMIT_LOC_STRINGS = NO;
				SWIFT_VERSION = 5.0;
				TARGETED_DEVICE_FAMILY = "1,2";
				TEST_TARGET_NAME = oneForTheBoys;
			};
			name = Release;
		};
/* End XCBuildConfiguration section */

/* Begin XCConfigurationList section */
		FC58105B2ECD5A5800DA16E4 /* Build configuration list for PBXProject "oneForTheBoys" */ = {
			isa = XCConfigurationList;
			buildConfigurations = (
				FC5810842ECD5A5B00DA16E4 /* Debug */,
				FC5810852ECD5A5B00DA16E4 /* Release */,
			);
			defaultConfigurationIsVisible = 0;
			defaultConfigurationName = Release;
		};
		FC5810862ECD5A5B00DA16E4 /* Build configuration list for PBXNativeTarget "oneForTheBoys" */ = {
			isa = XCConfigurationList;
			buildConfigurations = (
				FC5810872ECD5A5B00DA16E4 /* Debug */,
				FC5810882ECD5A5B00DA16E4 /* Release */,
			);
			defaultConfigurationIsVisible = 0;
			defaultConfigurationName = Release;
		};
		FC5810892ECD5A5B00DA16E4 /* Build configuration list for PBXNativeTarget "oneForTheBoysTests" */ = {
			isa = XCConfigurationList;
			buildConfigurations = (
				FC58108A2ECD5A5B00DA16E4 /* Debug */,
				FC58108B2ECD5A5B00DA16E4 /* Release */,
			);
			defaultConfigurationIsVisible = 0;
			defaultConfigurationName = Release;
		};
		FC58108C2ECD5A5B00DA16E4 /* Build configuration list for PBXNativeTarget "oneForTheBoysUITests" */ = {
			isa = XCConfigurationList;
			buildConfigurations = (
				FC58108D2ECD5A5B00DA16E4 /* Debug */,
				FC58108E2ECD5A5B00DA16E4 /* Release */,
			);
			defaultConfigurationIsVisible = 0;
			defaultConfigurationName = Release;
		};
/* End XCConfigurationList section */

/* Begin XCLocalSwiftPackageReference section */
		FC846C292EDEA0DA007F8E3B /* XCLocalSwiftPackageReference "OFTBShared" */ = {
			isa = XCLocalSwiftPackageReference;
			relativePath = OFTBShared;
		};
/* End XCLocalSwiftPackageReference section */

/* Begin XCSwiftPackageProductDependency section */
		FC846C2A2EDEA0DA007F8E3B /* OFTBShared */ = {
			isa = XCSwiftPackageProductDependency;
			productName = OFTBShared;
		};
/* End XCSwiftPackageProductDependency section */
	};
	rootObject = FC5810582ECD5A5800DA16E4 /* Project object */;
}
